// !$*UTF8*$!
{
	archiveVersion = 1;
	classes = {
	};
	objectVersion = 56;
	objects = {

/* Begin PBXBuildFile section */
		02C0F2FF294D1AC500DCB24D /* CodeEditorApp.swift in Sources */ = {isa = PBXBuildFile; fileRef = 02C0F2FE294D1AC500DCB24D /* CodeEditorApp.swift */; };
		02C0F301294D1AC500DCB24D /* ContentView.swift in Sources */ = {isa = PBXBuildFile; fileRef = 02C0F300294D1AC500DCB24D /* ContentView.swift */; };
		02C0F303294D1AC700DCB24D /* Assets.xcassets in Resources */ = {isa = PBXBuildFile; fileRef = 02C0F302294D1AC700DCB24D /* Assets.xcassets */; };
		02C0F306294D1AC700DCB24D /* Preview Assets.xcassets in Resources */ = {isa = PBXBuildFile; fileRef = 02C0F305294D1AC700DCB24D /* Preview Assets.xcassets */; };
		02C0F30E294D249000DCB24D /* Runestone in Frameworks */ = {isa = PBXBuildFile; productRef = 02C0F30D294D249000DCB24D /* Runestone */; };
		02C0F310294D277500DCB24D /* CodeEditorView.swift in Sources */ = {isa = PBXBuildFile; fileRef = 02C0F30F294D277500DCB24D /* CodeEditorView.swift */; };
		02C0F314294E422100DCB24D /* SettingButtonModifier.swift in Sources */ = {isa = PBXBuildFile; fileRef = 02C0F313294E422100DCB24D /* SettingButtonModifier.swift */; };
		02C0F316294E4CC500DCB24D /* SettingsToolbar.swift in Sources */ = {isa = PBXBuildFile; fileRef = 02C0F315294E4CC500DCB24D /* SettingsToolbar.swift */; };
/* End PBXBuildFile section */

/* Begin PBXFileReference section */
		02C0F2FB294D1AC500DCB24D /* CodeEditor.app */ = {isa = PBXFileReference; explicitFileType = wrapper.application; includeInIndex = 0; path = CodeEditor.app; sourceTree = BUILT_PRODUCTS_DIR; };
		02C0F2FE294D1AC500DCB24D /* CodeEditorApp.swift */ = {isa = PBXFileReference; lastKnownFileType = sourcecode.swift; path = CodeEditorApp.swift; sourceTree = "<group>"; };
		02C0F300294D1AC500DCB24D /* ContentView.swift */ = {isa = PBXFileReference; lastKnownFileType = sourcecode.swift; path = ContentView.swift; sourceTree = "<group>"; };
		02C0F302294D1AC700DCB24D /* Assets.xcassets */ = {isa = PBXFileReference; lastKnownFileType = folder.assetcatalog; path = Assets.xcassets; sourceTree = "<group>"; };
		02C0F305294D1AC700DCB24D /* Preview Assets.xcassets */ = {isa = PBXFileReference; lastKnownFileType = folder.assetcatalog; path = "Preview Assets.xcassets"; sourceTree = "<group>"; };
		02C0F30F294D277500DCB24D /* CodeEditorView.swift */ = {isa = PBXFileReference; lastKnownFileType = sourcecode.swift; path = CodeEditorView.swift; sourceTree = "<group>"; };
		02C0F313294E422100DCB24D /* SettingButtonModifier.swift */ = {isa = PBXFileReference; lastKnownFileType = sourcecode.swift; path = SettingButtonModifier.swift; sourceTree = "<group>"; };
		02C0F315294E4CC500DCB24D /* SettingsToolbar.swift */ = {isa = PBXFileReference; lastKnownFileType = sourcecode.swift; path = SettingsToolbar.swift; sourceTree = "<group>"; };
/* End PBXFileReference section */

/* Begin PBXFrameworksBuildPhase section */
		02C0F2F8294D1AC500DCB24D /* Frameworks */ = {
			isa = PBXFrameworksBuildPhase;
			buildActionMask = 2147483647;
			files = (
				02C0F30E294D249000DCB24D /* Runestone in Frameworks */,
			);
			runOnlyForDeploymentPostprocessing = 0;
		};
/* End PBXFrameworksBuildPhase section */

/* Begin PBXGroup section */
		02C0F2F2294D1AC500DCB24D = {
			isa = PBXGroup;
			children = (
				02C0F2FD294D1AC500DCB24D /* CodeEditor */,
				02C0F2FC294D1AC500DCB24D /* Products */,
			);
			sourceTree = "<group>";
		};
		02C0F2FC294D1AC500DCB24D /* Products */ = {
			isa = PBXGroup;
			children = (
				02C0F2FB294D1AC500DCB24D /* CodeEditor.app */,
			);
			name = Products;
			sourceTree = "<group>";
		};
		02C0F2FD294D1AC500DCB24D /* CodeEditor */ = {
			isa = PBXGroup;
			children = (
				02C0F2FE294D1AC500DCB24D /* CodeEditorApp.swift */,
				02C0F300294D1AC500DCB24D /* ContentView.swift */,
				02C0F30F294D277500DCB24D /* CodeEditorView.swift */,
				02C0F315294E4CC500DCB24D /* SettingsToolbar.swift */,
				02C0F313294E422100DCB24D /* SettingButtonModifier.swift */,
				02C0F302294D1AC700DCB24D /* Assets.xcassets */,
				02C0F304294D1AC700DCB24D /* Preview Content */,
			);
			path = CodeEditor;
			sourceTree = "<group>";
		};
		02C0F304294D1AC700DCB24D /* Preview Content */ = {
			isa = PBXGroup;
			children = (
				02C0F305294D1AC700DCB24D /* Preview Assets.xcassets */,
			);
			path = "Preview Content";
			sourceTree = "<group>";
		};
/* End PBXGroup section */

/* Begin PBXNativeTarget section */
		02C0F2FA294D1AC500DCB24D /* CodeEditor */ = {
			isa = PBXNativeTarget;
			buildConfigurationList = 02C0F309294D1AC700DCB24D /* Build configuration list for PBXNativeTarget "CodeEditor" */;
			buildPhases = (
				02C0F2F7294D1AC500DCB24D /* Sources */,
				02C0F2F8294D1AC500DCB24D /* Frameworks */,
				02C0F2F9294D1AC500DCB24D /* Resources */,
			);
			buildRules = (
			);
			dependencies = (
			);
			name = CodeEditor;
			packageProductDependencies = (
				02C0F30D294D249000DCB24D /* Runestone */,
			);
			productName = CodeEditor;
			productReference = 02C0F2FB294D1AC500DCB24D /* CodeEditor.app */;
			productType = "com.apple.product-type.application";
		};
/* End PBXNativeTarget section */

/* Begin PBXProject section */
		02C0F2F3294D1AC500DCB24D /* Project object */ = {
			isa = PBXProject;
			attributes = {
				BuildIndependentTargetsInParallel = 1;
				LastSwiftUpdateCheck = 1420;
				LastUpgradeCheck = 1420;
				TargetAttributes = {
					02C0F2FA294D1AC500DCB24D = {
						CreatedOnToolsVersion = 14.2;
					};
				};
			};
			buildConfigurationList = 02C0F2F6294D1AC500DCB24D /* Build configuration list for PBXProject "CodeEditor" */;
			compatibilityVersion = "Xcode 14.0";
			developmentRegion = en;
			hasScannedForEncodings = 0;
			knownRegions = (
				en,
				Base,
			);
			mainGroup = 02C0F2F2294D1AC500DCB24D;
			packageReferences = (
				02C0F30C294D249000DCB24D /* XCRemoteSwiftPackageReference "Runestone" */,
			);
			productRefGroup = 02C0F2FC294D1AC500DCB24D /* Products */;
			projectDirPath = "";
			projectRoot = "";
			targets = (
				02C0F2FA294D1AC500DCB24D /* CodeEditor */,
			);
		};
/* End PBXProject section */

/* Begin PBXResourcesBuildPhase section */
		02C0F2F9294D1AC500DCB24D /* Resources */ = {
			isa = PBXResourcesBuildPhase;
			buildActionMask = 2147483647;
			files = (
				02C0F306294D1AC700DCB24D /* Preview Assets.xcassets in Resources */,
				02C0F303294D1AC700DCB24D /* Assets.xcassets in Resources */,
			);
			runOnlyForDeploymentPostprocessing = 0;
		};
/* End PBXResourcesBuildPhase section */

/* Begin PBXSourcesBuildPhase section */
		02C0F2F7294D1AC500DCB24D /* Sources */ = {
			isa = PBXSourcesBuildPhase;
			buildActionMask = 2147483647;
			files = (
				02C0F316294E4CC500DCB24D /* SettingsToolbar.swift in Sources */,
				02C0F301294D1AC500DCB24D /* ContentView.swift in Sources */,
				02C0F310294D277500DCB24D /* CodeEditorView.swift in Sources */,
				02C0F2FF294D1AC500DCB24D /* CodeEditorApp.swift in Sources */,
				02C0F314294E422100DCB24D /* SettingButtonModifier.swift in Sources */,
			);
			runOnlyForDeploymentPostprocessing = 0;
		};
/* End PBXSourcesBuildPhase section */

/* Begin XCBuildConfiguration section */
		02C0F307294D1AC700DCB24D /* Debug */ = {
			isa = XCBuildConfiguration;
			buildSettings = {
				ALWAYS_SEARCH_USER_PATHS = NO;
				CLANG_ANALYZER_NONNULL = YES;
				CLANG_ANALYZER_NUMBER_OBJECT_CONVERSION = YES_AGGRESSIVE;
				CLANG_CXX_LANGUAGE_STANDARD = "gnu++20";
				CLANG_ENABLE_MODULES = YES;
				CLANG_ENABLE_OBJC_ARC = YES;
				CLANG_ENABLE_OBJC_WEAK = YES;
				CLANG_WARN_BLOCK_CAPTURE_AUTORELEASING = YES;
				CLANG_WARN_BOOL_CONVERSION = YES;
				CLANG_WARN_COMMA = YES;
				CLANG_WARN_CONSTANT_CONVERSION = YES;
				CLANG_WARN_DEPRECATED_OBJC_IMPLEMENTATIONS = YES;
				CLANG_WARN_DIRECT_OBJC_ISA_USAGE = YES_ERROR;
				CLANG_WARN_DOCUMENTATION_COMMENTS = YES;
				CLANG_WARN_EMPTY_BODY = YES;
				CLANG_WARN_ENUM_CONVERSION = YES;
				CLANG_WARN_INFINITE_RECURSION = YES;
				CLANG_WARN_INT_CONVERSION = YES;
				CLANG_WARN_NON_LITERAL_NULL_CONVERSION = YES;
				CLANG_WARN_OBJC_IMPLICIT_RETAIN_SELF = YES;
				CLANG_WARN_OBJC_LITERAL_CONVERSION = YES;
				CLANG_WARN_OBJC_ROOT_CLASS = YES_ERROR;
				CLANG_WARN_QUOTED_INCLUDE_IN_FRAMEWORK_HEADER = YES;
				CLANG_WARN_RANGE_LOOP_ANALYSIS = YES;
				CLANG_WARN_STRICT_PROTOTYPES = YES;
				CLANG_WARN_SUSPICIOUS_MOVE = YES;
				CLANG_WARN_UNGUARDED_AVAILABILITY = YES_AGGRESSIVE;
				CLANG_WARN_UNREACHABLE_CODE = YES;
				CLANG_WARN__DUPLICATE_METHOD_MATCH = YES;
				COPY_PHASE_STRIP = NO;
				DEBUG_INFORMATION_FORMAT = dwarf;
				ENABLE_STRICT_OBJC_MSGSEND = YES;
				ENABLE_TESTABILITY = YES;
				GCC_C_LANGUAGE_STANDARD = gnu11;
				GCC_DYNAMIC_NO_PIC = NO;
				GCC_NO_COMMON_BLOCKS = YES;
				GCC_OPTIMIZATION_LEVEL = 0;
				GCC_PREPROCESSOR_DEFINITIONS = (
					"DEBUG=1",
					"$(inherited)",
				);
				GCC_WARN_64_TO_32_BIT_CONVERSION = YES;
				GCC_WARN_ABOUT_RETURN_TYPE = YES_ERROR;
				GCC_WARN_UNDECLARED_SELECTOR = YES;
				GCC_WARN_UNINITIALIZED_AUTOS = YES_AGGRESSIVE;
				GCC_WARN_UNUSED_FUNCTION = YES;
				GCC_WARN_UNUSED_VARIABLE = YES;
				IPHONEOS_DEPLOYMENT_TARGET = 16.2;
				MTL_ENABLE_DEBUG_INFO = INCLUDE_SOURCE;
				MTL_FAST_MATH = YES;
				ONLY_ACTIVE_ARCH = YES;
				SDKROOT = iphoneos;
				SWIFT_ACTIVE_COMPILATION_CONDITIONS = DEBUG;
				SWIFT_OPTIMIZATION_LEVEL = "-Onone";
			};
			name = Debug;
		};
		02C0F308294D1AC700DCB24D /* Release */ = {
			isa = XCBuildConfiguration;
			buildSettings = {
				ALWAYS_SEARCH_USER_PATHS = NO;
				CLANG_ANALYZER_NONNULL = YES;
				CLANG_ANALYZER_NUMBER_OBJECT_CONVERSION = YES_AGGRESSIVE;
				CLANG_CXX_LANGUAGE_STANDARD = "gnu++20";
				CLANG_ENABLE_MODULES = YES;
				CLANG_ENABLE_OBJC_ARC = YES;
				CLANG_ENABLE_OBJC_WEAK = YES;
				CLANG_WARN_BLOCK_CAPTURE_AUTORELEASING = YES;
				CLANG_WARN_BOOL_CONVERSION = YES;
				CLANG_WARN_COMMA = YES;
				CLANG_WARN_CONSTANT_CONVERSION = YES;
				CLANG_WARN_DEPRECATED_OBJC_IMPLEMENTATIONS = YES;
				CLANG_WARN_DIRECT_OBJC_ISA_USAGE = YES_ERROR;
				CLANG_WARN_DOCUMENTATION_COMMENTS = YES;
				CLANG_WARN_EMPTY_BODY = YES;
				CLANG_WARN_ENUM_CONVERSION = YES;
				CLANG_WARN_INFINITE_RECURSION = YES;
				CLANG_WARN_INT_CONVERSION = YES;
				CLANG_WARN_NON_LITERAL_NULL_CONVERSION = YES;
				CLANG_WARN_OBJC_IMPLICIT_RETAIN_SELF = YES;
				CLANG_WARN_OBJC_LITERAL_CONVERSION = YES;
				CLANG_WARN_OBJC_ROOT_CLASS = YES_ERROR;
				CLANG_WARN_QUOTED_INCLUDE_IN_FRAMEWORK_HEADER = YES;
				CLANG_WARN_RANGE_LOOP_ANALYSIS = YES;
				CLANG_WARN_STRICT_PROTOTYPES = YES;
				CLANG_WARN_SUSPICIOUS_MOVE = YES;
				CLANG_WARN_UNGUARDED_AVAILABILITY = YES_AGGRESSIVE;
				CLANG_WARN_UNREACHABLE_CODE = YES;
				CLANG_WARN__DUPLICATE_METHOD_MATCH = YES;
				COPY_PHASE_STRIP = NO;
				DEBUG_INFORMATION_FORMAT = "dwarf-with-dsym";
				ENABLE_NS_ASSERTIONS = NO;
				ENABLE_STRICT_OBJC_MSGSEND = YES;
				GCC_C_LANGUAGE_STANDARD = gnu11;
				GCC_NO_COMMON_BLOCKS = YES;
				GCC_WARN_64_TO_32_BIT_CONVERSION = YES;
				GCC_WARN_ABOUT_RETURN_TYPE = YES_ERROR;
				GCC_WARN_UNDECLARED_SELECTOR = YES;
				GCC_WARN_UNINITIALIZED_AUTOS = YES_AGGRESSIVE;
				GCC_WARN_UNUSED_FUNCTION = YES;
				GCC_WARN_UNUSED_VARIABLE = YES;
				IPHONEOS_DEPLOYMENT_TARGET = 16.2;
				MTL_ENABLE_DEBUG_INFO = NO;
				MTL_FAST_MATH = YES;
				SDKROOT = iphoneos;
				SWIFT_COMPILATION_MODE = wholemodule;
				SWIFT_OPTIMIZATION_LEVEL = "-O";
				VALIDATE_PRODUCT = YES;
			};
			name = Release;
		};
		02C0F30A294D1AC700DCB24D /* Debug */ = {
			isa = XCBuildConfiguration;
			buildSettings = {
				ASSETCATALOG_COMPILER_APPICON_NAME = AppIcon;
				ASSETCATALOG_COMPILER_GLOBAL_ACCENT_COLOR_NAME = AccentColor;
				CODE_SIGN_STYLE = Automatic;
				CURRENT_PROJECT_VERSION = 1;
				DEVELOPMENT_ASSET_PATHS = "\"CodeEditor/Preview Content\"";
				ENABLE_PREVIEWS = YES;
				GENERATE_INFOPLIST_FILE = YES;
				INFOPLIST_KEY_UIApplicationSceneManifest_Generation = YES;
				INFOPLIST_KEY_UIApplicationSupportsIndirectInputEvents = YES;
				INFOPLIST_KEY_UILaunchScreen_Generation = YES;
				INFOPLIST_KEY_UISupportedInterfaceOrientations_iPad = "UIInterfaceOrientationPortrait UIInterfaceOrientationPortraitUpsideDown UIInterfaceOrientationLandscapeLeft UIInterfaceOrientationLandscapeRight";
				INFOPLIST_KEY_UISupportedInterfaceOrientations_iPhone = "UIInterfaceOrientationPortrait UIInterfaceOrientationLandscapeLeft UIInterfaceOrientationLandscapeRight";
				LD_RUNPATH_SEARCH_PATHS = (
					"$(inherited)",
					"@executable_path/Frameworks",
				);
				MARKETING_VERSION = 1.0;
				PRODUCT_BUNDLE_IDENTIFIER = us.enchanceit.training.CodeEditor;
				PRODUCT_NAME = "$(TARGET_NAME)";
				SWIFT_EMIT_LOC_STRINGS = YES;
				SWIFT_VERSION = 5.0;
				TARGETED_DEVICE_FAMILY = "1,2";
			};
			name = Debug;
		};
		02C0F30B294D1AC700DCB24D /* Release */ = {
			isa = XCBuildConfiguration;
			buildSettings = {
				ASSETCATALOG_COMPILER_APPICON_NAME = AppIcon;
				ASSETCATALOG_COMPILER_GLOBAL_ACCENT_COLOR_NAME = AccentColor;
				CODE_SIGN_STYLE = Automatic;
				CURRENT_PROJECT_VERSION = 1;
				DEVELOPMENT_ASSET_PATHS = "\"CodeEditor/Preview Content\"";
				ENABLE_PREVIEWS = YES;
				GENERATE_INFOPLIST_FILE = YES;
				INFOPLIST_KEY_UIApplicationSceneManifest_Generation = YES;
				INFOPLIST_KEY_UIApplicationSupportsIndirectInputEvents = YES;
				INFOPLIST_KEY_UILaunchScreen_Generation = YES;
				INFOPLIST_KEY_UISupportedInterfaceOrientations_iPad = "UIInterfaceOrientationPortrait UIInterfaceOrientationPortraitUpsideDown UIInterfaceOrientationLandscapeLeft UIInterfaceOrientationLandscapeRight";
				INFOPLIST_KEY_UISupportedInterfaceOrientations_iPhone = "UIInterfaceOrientationPortrait UIInterfaceOrientationLandscapeLeft UIInterfaceOrientationLandscapeRight";
				LD_RUNPATH_SEARCH_PATHS = (
					"$(inherited)",
					"@executable_path/Frameworks",
				);
				MARKETING_VERSION = 1.0;
				PRODUCT_BUNDLE_IDENTIFIER = us.enchanceit.training.CodeEditor;
				PRODUCT_NAME = "$(TARGET_NAME)";
				SWIFT_EMIT_LOC_STRINGS = YES;
				SWIFT_VERSION = 5.0;
				TARGETED_DEVICE_FAMILY = "1,2";
			};
			name = Release;
		};
/* End XCBuildConfiguration section */

/* Begin XCConfigurationList section */
		02C0F2F6294D1AC500DCB24D /* Build configuration list for PBXProject "CodeEditor" */ = {
			isa = XCConfigurationList;
			buildConfigurations = (
				02C0F307294D1AC700DCB24D /* Debug */,
				02C0F308294D1AC700DCB24D /* Release */,
			);
			defaultConfigurationIsVisible = 0;
			defaultConfigurationName = Release;
		};
		02C0F309294D1AC700DCB24D /* Build configuration list for PBXNativeTarget "CodeEditor" */ = {
			isa = XCConfigurationList;
			buildConfigurations = (
				02C0F30A294D1AC700DCB24D /* Debug */,
				02C0F30B294D1AC700DCB24D /* Release */,
			);
			defaultConfigurationIsVisible = 0;
			defaultConfigurationName = Release;
		};
/* End XCConfigurationList section */

/* Begin XCRemoteSwiftPackageReference section */
		02C0F30C294D249000DCB24D /* XCRemoteSwiftPackageReference "Runestone" */ = {
			isa = XCRemoteSwiftPackageReference;
			repositoryURL = "https://github.com/simonbs/Runestone";
			requirement = {
				kind = upToNextMajorVersion;
				minimumVersion = 0.2.9;
			};
		};
/* End XCRemoteSwiftPackageReference section */

/* Begin XCSwiftPackageProductDependency section */
		02C0F30D294D249000DCB24D /* Runestone */ = {
			isa = XCSwiftPackageProductDependency;
			package = 02C0F30C294D249000DCB24D /* XCRemoteSwiftPackageReference "Runestone" */;
			productName = Runestone;
		};
/* End XCSwiftPackageProductDependency section */
	};
	rootObject = 02C0F2F3294D1AC500DCB24D /* Project object */;
}
